
Microsoft Visual Studio Solution File, Format Version 12.00
# Visual Studio 15
VisualStudioVersion = 15.0.28010.2041
MinimumVisualStudioVersion = 10.0.40219.1
Project("{FAE04EC0-301F-11D3-BF4B-00C04F79EFBC}") = "HideNSeek Logic", "HideNSeek Logica\HideNSeek Logic.csproj", "{A0C48D79-8915-4397-AE80-D0825DBB95E2}"
EndProject
Global
	GlobalSection(SolutionConfigurationPlatforms) = preSolution
		Debug|Any CPU = Debug|Any CPU
		Release|Any CPU = Release|Any CPU
	EndGlobalSection
	GlobalSection(ProjectConfigurationPlatforms) = postSolution
		{A0C48D79-8915-4397-AE80-D0825DBB95E2}.Debug|Any CPU.ActiveCfg = Debug|Any CPU
		{A0C48D79-8915-4397-AE80-D0825DBB95E2}.Debug|Any CPU.Build.0 = Debug|Any CPU
		{A0C48D79-8915-4397-AE80-D0825DBB95E2}.Release|Any CPU.ActiveCfg = Release|Any CPU
		{A0C48D79-8915-4397-AE80-D0825DBB95E2}.Release|Any CPU.Build.0 = Release|Any CPU
	EndGlobalSection
	GlobalSection(SolutionProperties) = preSolution
		HideSolutionNode = FALSE
	EndGlobalSection
	GlobalSection(ExtensibilityGlobals) = postSolution
		SolutionGuid = {B6D71CCB-961E-4896-98B3-2B6D8EBD77E1}
	EndGlobalSection
EndGlobal
